{
  "projects": [
    {
      "projectId": "e2hp4WNoYS19Y3Tt9SoV2a",
      "version": "0.0.1",
      "dependencies": {},
      "lang": "ts",
      "fileLocks": [
        {
          "assetId": "e2hp4WNoYS19Y3Tt9SoV2a",
          "type": "projectCss",
          "checksum": "078b5be9aa4a8ea2a39b36c771c25aaa"
        },
        {
          "assetId": "e2hp4WNoYS19Y3Tt9SoV2a",
          "checksum": "373c49d36d173e522d834a134a805bde",
          "type": "globalContexts"
        }
      ],
      "codegenVersion": "0.0.1"
    },
    {
      "projectId": "awxf7Ri2cVVvNuS2zWU6AC",
      "version": "0.0.1",
      "dependencies": {},
      "lang": "ts",
      "fileLocks": [
        {
          "assetId": "awxf7Ri2cVVvNuS2zWU6AC",
          "type": "projectCss",
          "checksum": "e1ec850476829c38b0f9b6d4f7ac446a"
        }
      ],
      "codegenVersion": "0.0.1"
    },
    {
      "projectId": "n5zmr3PovmtS4tuUW5NRYW",
      "version": "latest",
      "dependencies": {
        "awxf7Ri2cVVvNuS2zWU6AC": "0.0.1",
        "e2hp4WNoYS19Y3Tt9SoV2a": "0.0.1"
      },
      "lang": "ts",
      "fileLocks": [
        {
          "type": "globalVariant",
          "assetId": "PO83RXK-sPvq",
          "checksum": "cfecca638c1d6a8508d972928bd623fa"
        },
        {
          "assetId": "n5zmr3PovmtS4tuUW5NRYW",
          "checksum": "3ec722fb89a82851adb7fa1ccaa44653",
          "type": "globalContexts"
        },
        {
          "type": "renderModule",
          "assetId": "nFtVKAyz2Z7m",
          "checksum": "f11ab88e2a07574cc886eecba59ad5c5"
        },
        {
          "type": "cssRules",
          "assetId": "nFtVKAyz2Z7m",
          "checksum": "f11ab88e2a07574cc886eecba59ad5c5"
        },
        {
          "type": "renderModule",
          "assetId": "HO-X_0IZqCJj",
          "checksum": "1ecb2a8b29f680989cecd6c86b2a92c0"
        },
        {
          "type": "cssRules",
          "assetId": "HO-X_0IZqCJj",
          "checksum": "1ecb2a8b29f680989cecd6c86b2a92c0"
        },
        {
          "type": "renderModule",
          "assetId": "xuP2bIhMMXP2",
          "checksum": "b13e75f718c87f1fa2170d20a62f5ed2"
        },
        {
          "type": "cssRules",
          "assetId": "xuP2bIhMMXP2",
          "checksum": "b13e75f718c87f1fa2170d20a62f5ed2"
        },
        {
          "type": "renderModule",
          "assetId": "UctlctSR9cQF",
          "checksum": "0044097e35d8baddc8115f425a78b46b"
        },
        {
          "type": "cssRules",
          "assetId": "UctlctSR9cQF",
          "checksum": "0044097e35d8baddc8115f425a78b46b"
        },
        {
          "type": "renderModule",
          "assetId": "PU1QtwXYhxPS",
          "checksum": "db8fa9798833d41a4ebf267d9ca4e6d2"
        },
        {
          "type": "cssRules",
          "assetId": "PU1QtwXYhxPS",
          "checksum": "db8fa9798833d41a4ebf267d9ca4e6d2"
        },
        {
          "type": "renderModule",
          "assetId": "s39vCstK1zew",
          "checksum": "61368ef0dff9e8e255df9039184ed697"
        },
        {
          "type": "cssRules",
          "assetId": "s39vCstK1zew",
          "checksum": "61368ef0dff9e8e255df9039184ed697"
        },
        {
          "type": "renderModule",
          "assetId": "B2XQrBD_TUYH",
          "checksum": "ba81f347c498a5167335a07e64062c18"
        },
        {
          "type": "cssRules",
          "assetId": "B2XQrBD_TUYH",
          "checksum": "ba81f347c498a5167335a07e64062c18"
        },
        {
          "type": "renderModule",
          "assetId": "tnU0tioqFVig",
          "checksum": "c1f2a2c4b8e91be743bcbd0588ff637c"
        },
        {
          "type": "cssRules",
          "assetId": "tnU0tioqFVig",
          "checksum": "c1f2a2c4b8e91be743bcbd0588ff637c"
        },
        {
          "type": "renderModule",
          "assetId": "hG8jx9k8w2OW",
          "checksum": "480f7b3fa8e43776284a517d5128e11d"
        },
        {
          "type": "cssRules",
          "assetId": "hG8jx9k8w2OW",
          "checksum": "480f7b3fa8e43776284a517d5128e11d"
        },
        {
          "type": "renderModule",
          "assetId": "XFV_tf2hD7iO",
          "checksum": "0fcb79bf9ee59fec52470d071a822a2c"
        },
        {
          "type": "cssRules",
          "assetId": "XFV_tf2hD7iO",
          "checksum": "0fcb79bf9ee59fec52470d071a822a2c"
        },
        {
          "type": "renderModule",
          "assetId": "iqH6qZlzizN8",
          "checksum": "09b31ccf9dd2bfaf92b4e6f3204b5eb0"
        },
        {
          "type": "cssRules",
          "assetId": "iqH6qZlzizN8",
          "checksum": "09b31ccf9dd2bfaf92b4e6f3204b5eb0"
        },
        {
          "type": "icon",
          "assetId": "aeKwmROxlPAB",
          "checksum": "f38dcba6b844769b6c555332d73dc33d"
        },
        {
          "type": "icon",
          "assetId": "whmKQXPedjHY",
          "checksum": "ba67c74ec1b04ae3f447d974959774c5"
        },
        {
          "type": "icon",
          "assetId": "0PHPeYMsw-wj",
          "checksum": "a5cc322f33344aa14a78d125cc5efc6c"
        },
        {
          "type": "icon",
          "assetId": "fq3WGLwnLw_D",
          "checksum": "d8ef1b34f3d79a044aad7ba229179026"
        },
        {
          "type": "icon",
          "assetId": "KYheckxim0Dt",
          "checksum": "725671121a34cb5c7fa84b53071f51d4"
        },
        {
          "type": "icon",
          "assetId": "lQR2iZU5W_m-",
          "checksum": "eb78d840f70c128cc5ed6755b536de0e"
        },
        {
          "type": "icon",
          "assetId": "YjJi0ERqdOr4",
          "checksum": "1e1f829d6d1dd6d3467f6ab71b55d347"
        },
        {
          "type": "icon",
          "assetId": "gkxNs5Tnz-Qa",
          "checksum": "101697ad88d211887fbd807201a8e599"
        },
        {
          "type": "icon",
          "assetId": "T-1ePTX5TAsK",
          "checksum": "d2864e7b4559108215e034816efe5787"
        },
        {
          "type": "icon",
          "assetId": "s0yepu_FQLmJ",
          "checksum": "e674efc7062b10ade145625ad09fddf7"
        },
        {
          "type": "icon",
          "assetId": "zH3YCrKP4PQM",
          "checksum": "b64c28c0bebd04d97ee4f7a175b701ec"
        },
        {
          "type": "icon",
          "assetId": "yfGl4AZuPARw",
          "checksum": "7c8d5860c989cc80e3b87f622e88d708"
        },
        {
          "type": "icon",
          "assetId": "8BQNvI3FVRZQ",
          "checksum": "430554425d8f9adf5eea7e37641ce746"
        },
        {
          "type": "icon",
          "assetId": "8SOd6d1CWBVE",
          "checksum": "7f6f6fbcc6aae2a3e46f12f11b364459"
        },
        {
          "type": "icon",
          "assetId": "Ni4YyBxcpV7z",
          "checksum": "820b537ee202e441b2e45c0d611a1933"
        },
        {
          "type": "icon",
          "assetId": "s2rid2F1yZHQ",
          "checksum": "917fa3e897a714904723560b8cd7b04a"
        },
        {
          "type": "icon",
          "assetId": "DQJuT14WpUch",
          "checksum": "31f62a5c87455c6624c38a83bd17e7a8"
        },
        {
          "type": "icon",
          "assetId": "cQyF0xjECpBq",
          "checksum": "7b2f315b2b55a8bbdc7c2b80c4562ce2"
        },
        {
          "type": "icon",
          "assetId": "HFt1NiIPrTdw",
          "checksum": "f9110182f72b612ebd51ece9a8fdd0a6"
        },
        {
          "type": "icon",
          "assetId": "_qcktJS1OTg1",
          "checksum": "1923fa23dda493c29608b4e74e5e54fa"
        },
        {
          "type": "icon",
          "assetId": "1m_S1qOzQSTs",
          "checksum": "c999764ee370c6cc969fe28b8d447305"
        },
        {
          "type": "icon",
          "assetId": "tun00DzR-4p2",
          "checksum": "3f287c4d844ca3bc2c8ee58360749c8f"
        },
        {
          "type": "icon",
          "assetId": "ej68R9jPwIN9",
          "checksum": "624a16c4b706cccad792f382206f8904"
        },
        {
          "type": "icon",
          "assetId": "7Hmq0uXKoK_p",
          "checksum": "cd932c80b2a677bcbbb07600c4a71d09"
        },
        {
          "type": "icon",
          "assetId": "OqpwTIVub0BH",
          "checksum": "e6b5d3259c0a5fef563ce4e401dccc22"
        },
        {
          "type": "icon",
          "assetId": "5QNgMk7NkUjQ",
          "checksum": "83f41ea33dd82c25578e49daaa828876"
        },
        {
          "type": "icon",
          "assetId": "OnCggWMJ3Sq6",
          "checksum": "4e3e661fce3f5d5a7dab7f33bbd5098c"
        },
        {
          "type": "icon",
          "assetId": "Chvjf8ncrDbq",
          "checksum": "d4a65c6051e7bc29df11e9e7c830ad20"
        },
        {
          "type": "icon",
          "assetId": "G-xcf5qWJpwD",
          "checksum": "10eba52d9e816bb7d9bcb6b42c37b46a"
        },
        {
          "type": "icon",
          "assetId": "deErE5vQPAxq",
          "checksum": "7877e2d315ed0f9537c2281c8227635a"
        },
        {
          "type": "icon",
          "assetId": "4MyGhAexNEF7",
          "checksum": "a37db3a3765a4d83e89fb495fb3f8c44"
        },
        {
          "type": "icon",
          "assetId": "gqLniWmQYg7m",
          "checksum": "b02a39120a93e1e2faa93b4d19018538"
        },
        {
          "type": "icon",
          "assetId": "NPw95cpKDZlz",
          "checksum": "815931ca15801e93d2bb8dbd789e217b"
        },
        {
          "type": "icon",
          "assetId": "vwJXTO9wLLVF",
          "checksum": "5682f4ff0fbd8918d27d59315500a5f9"
        },
        {
          "type": "icon",
          "assetId": "m9ePd-1iK67j",
          "checksum": "4d895c59b327d2aa7525b6d7e30d6bca"
        },
        {
          "type": "icon",
          "assetId": "6-tsP4VN693-",
          "checksum": "d5319a8bcc0f6f3343f48a4946a7d8b5"
        },
        {
          "type": "icon",
          "assetId": "PMSkPK_2HmbX",
          "checksum": "eedec4f11d3b94d25ee244c2992b09c4"
        },
        {
          "type": "icon",
          "assetId": "tJqIJ9ytINTH",
          "checksum": "ae7f99909d5679d0a4949e1f51acdba5"
        },
        {
          "type": "icon",
          "assetId": "sqw5Dmz-S0T4",
          "checksum": "718cfa7eb1c9edc7e66435d181fa132b"
        },
        {
          "type": "image",
          "assetId": "sRANPHHf203Y",
          "checksum": "11debf30f3dfc004a7bf8083b6e88cc3"
        },
        {
          "type": "image",
          "assetId": "_X8bzH53DTTS",
          "checksum": "25ed15ec5f2f06e24e4d6ebb7ebec85b"
        },
        {
          "type": "image",
          "assetId": "5dqjRwVNBLbA",
          "checksum": "8c0b6ba05b14422f25f7711bedf6da97"
        },
        {
          "type": "image",
          "assetId": "HVAI1S85LYYl",
          "checksum": "7db8a71cd1793356f0b81d1784c975ad"
        },
        {
          "type": "image",
          "assetId": "OtyRjvbNwG1L",
          "checksum": "e63f464a9c386d3022a07ab258c5a435"
        },
        {
          "type": "image",
          "assetId": "LcI9DcKy_atw",
          "checksum": "d9b17a82b7a0f58586e3df6438376809"
        },
        {
          "type": "image",
          "assetId": "j9QLbC7qoYZU",
          "checksum": "6ae8a38105070268411cd8d78659dab3"
        },
        {
          "type": "image",
          "assetId": "7tqsbAjob1Oe",
          "checksum": "e018f899b2d03ad8760b0d49ac85451c"
        },
        {
          "type": "image",
          "assetId": "xCgFstEoKO4R",
          "checksum": "5882a1127c8288c1e5bd7afe9c4e3f20"
        },
        {
          "type": "image",
          "assetId": "O26CS2iFc_St",
          "checksum": "6798556270cab26d82df89d72baaec1f"
        },
        {
          "type": "image",
          "assetId": "Yj0WOd07_O1l",
          "checksum": "98d5ace31c508db886acc0d1321d26f1"
        },
        {
          "type": "image",
          "assetId": "bqtusRZ_xQ2r",
          "checksum": "4dd335cf1a9cd54e362cf99798413efd"
        },
        {
          "type": "image",
          "assetId": "6--5lg-Ka79C",
          "checksum": "e0b609e825f1c6a848f6808fa9d000d4"
        },
        {
          "type": "image",
          "assetId": "h-_qRd2rJ1Kg",
          "checksum": "bd57c81e5a240efbd0fb073bda665052"
        },
        {
          "type": "image",
          "assetId": "aFvlxgDoyZsw",
          "checksum": "4c940219f686912f80bb26d0e5e5bdbf"
        },
        {
          "type": "image",
          "assetId": "RjJvvkhMyTQo",
          "checksum": "fe05424499fd445bab34273b03fd4771"
        },
        {
          "type": "image",
          "assetId": "5gMd3Ks2UTmu",
          "checksum": "e342802c806b89d0ba7ae639fda9faac"
        },
        {
          "type": "image",
          "assetId": "-ZNVAumsvyiV",
          "checksum": "4dc96cca918aa99142e7d1ed5a205432"
        },
        {
          "type": "image",
          "assetId": "rHoTSMhAzWxQ",
          "checksum": "2973348713501daf258f69cb568b28ac"
        },
        {
          "type": "image",
          "assetId": "S-MrjZxb_VM3",
          "checksum": "3ad53b80839516151b02bc7bf2ddfdfa"
        },
        {
          "type": "image",
          "assetId": "4HnrsQDPlJ7x",
          "checksum": "0c7452bcefcbee557ef4b234fdeff0ff"
        },
        {
          "type": "image",
          "assetId": "i7nJDv4v2dRU",
          "checksum": "23f2e4abd95a78ad1cc7f00553b1c496"
        },
        {
          "type": "image",
          "assetId": "X47EQLg9oc6v",
          "checksum": "144a438bded49edbcba76cbf135238da"
        },
        {
          "type": "image",
          "assetId": "5UdNC8eW69P6",
          "checksum": "e2a80d56a665d3d78b55ff328ac36d02"
        },
        {
          "type": "image",
          "assetId": "8vkW_1mFkvGj",
          "checksum": "509c4babec3929fdc094fe7dadcd8909"
        },
        {
          "type": "image",
          "assetId": "ZTr9P-GgSGBx",
          "checksum": "85bc1705d74cdf75f661a116e639f24e"
        },
        {
          "type": "image",
          "assetId": "FScYjlJNFJxv",
          "checksum": "d0a3f0af0b7182edc6bdfa9859183007"
        },
        {
          "type": "image",
          "assetId": "AXK21Ign5oF-",
          "checksum": "f7421b9eafbf8c28d2c84a7c0068c83d"
        },
        {
          "type": "image",
          "assetId": "lyzKVSMfiO5u",
          "checksum": "97c6379dcd1cbddebdb6252e85b30f6b"
        },
        {
          "type": "image",
          "assetId": "xRv8Q_9LiLT5",
          "checksum": "248347baba8e0714a8315c6a94916173"
        },
        {
          "type": "image",
          "assetId": "H3LoSdw7MFmJ",
          "checksum": "d51531989626d1dd2ccd04b0abb421c5"
        },
        {
          "type": "image",
          "assetId": "8jBVVWkmvFSL",
          "checksum": "47eacf121a4e33123398a5718ec8bf8e"
        },
        {
          "assetId": "n5zmr3PovmtS4tuUW5NRYW",
          "type": "projectCss",
          "checksum": "80008eeb19957af7e24a2c9a8aa83391"
        }
      ],
      "codegenVersion": "0.0.1"
    }
  ],
  "cliVersion": "0.1.330"
}
